
Microsoft Visual Studio Solution File, Format Version 12.00
# Visual Studio 15
VisualStudioVersion = 15.0.28307.421
MinimumVisualStudioVersion = 10.0.40219.1
Project("{FAE04EC0-301F-11D3-BF4B-00C04F79EFBC}") = "Labyrint", "Labyrint\Labyrint.csproj", "{9A843111-B244-4220-A563-726365E5D5FD}"
EndProject
Project("{FAE04EC0-301F-11D3-BF4B-00C04F79EFBC}") = "Log", "Log\Log.csproj", "{7616142C-77AC-411B-ABB4-D38773455720}"
EndProject
Project("{FAE04EC0-301F-11D3-BF4B-00C04F79EFBC}") = "Maze", "Maze\Maze.csproj", "{058BD082-4470-4593-B4B0-D5003CC96DE4}"
EndProject
Project("{FAE04EC0-301F-11D3-BF4B-00C04F79EFBC}") = "LogTests", "LogTests\LogTests.csproj", "{572D7923-AB76-4537-A202-3B3B25D99F1A}"
EndProject
Project("{FAE04EC0-301F-11D3-BF4B-00C04F79EFBC}") = "CameraSystem", "Camera\CameraSystem.csproj", "{04E6F60E-596C-4E7C-8998-E091AC69E6CA}"
EndProject
Project("{FAE04EC0-301F-11D3-BF4B-00C04F79EFBC}") = "MazeTests", "MazeTests\MazeTests.csproj", "{47A16AB1-8BAB-40DE-B819-E28D9ED24369}"
EndProject
Project("{FAE04EC0-301F-11D3-BF4B-00C04F79EFBC}") = "SoundSystem", "SoundSystem\SoundSystem.csproj", "{12AC1CD2-8628-4848-8427-3B6453A58EB8}"
EndProject
Project("{FAE04EC0-301F-11D3-BF4B-00C04F79EFBC}") = "SoundSystemTests", "SoundSystemTests\SoundSystemTests.csproj", "{1877D84B-0E72-46FC-8677-B6C75CCF9A2B}"
EndProject
Project("{FAE04EC0-301F-11D3-BF4B-00C04F79EFBC}") = "FileReaderWriter", "FileReaderWriter\FileReaderWriter.csproj", "{690650BC-4A7E-4881-BBA1-4C58135B4212}"
EndProject
Project("{FAE04EC0-301F-11D3-BF4B-00C04F79EFBC}") = "LabyrintTests", "LabyrintTests1\LabyrintTests.csproj", "{3ADE3C1E-FF09-487B-948B-8FC4F3147068}"
EndProject
Global
	GlobalSection(SolutionConfigurationPlatforms) = preSolution
		Debug|Any CPU = Debug|Any CPU
		Release|Any CPU = Release|Any CPU
	EndGlobalSection
	GlobalSection(ProjectConfigurationPlatforms) = postSolution
		{9A843111-B244-4220-A563-726365E5D5FD}.Debug|Any CPU.ActiveCfg = Debug|Any CPU
		{9A843111-B244-4220-A563-726365E5D5FD}.Debug|Any CPU.Build.0 = Debug|Any CPU
		{9A843111-B244-4220-A563-726365E5D5FD}.Release|Any CPU.ActiveCfg = Release|Any CPU
		{9A843111-B244-4220-A563-726365E5D5FD}.Release|Any CPU.Build.0 = Release|Any CPU
		{7616142C-77AC-411B-ABB4-D38773455720}.Debug|Any CPU.ActiveCfg = Debug|Any CPU
		{7616142C-77AC-411B-ABB4-D38773455720}.Debug|Any CPU.Build.0 = Debug|Any CPU
		{7616142C-77AC-411B-ABB4-D38773455720}.Release|Any CPU.ActiveCfg = Release|Any CPU
		{7616142C-77AC-411B-ABB4-D38773455720}.Release|Any CPU.Build.0 = Release|Any CPU
		{058BD082-4470-4593-B4B0-D5003CC96DE4}.Debug|Any CPU.ActiveCfg = Debug|Any CPU
		{058BD082-4470-4593-B4B0-D5003CC96DE4}.Debug|Any CPU.Build.0 = Debug|Any CPU
		{058BD082-4470-4593-B4B0-D5003CC96DE4}.Release|Any CPU.ActiveCfg = Release|Any CPU
		{058BD082-4470-4593-B4B0-D5003CC96DE4}.Release|Any CPU.Build.0 = Release|Any CPU
		{572D7923-AB76-4537-A202-3B3B25D99F1A}.Debug|Any CPU.ActiveCfg = Debug|Any CPU
		{572D7923-AB76-4537-A202-3B3B25D99F1A}.Debug|Any CPU.Build.0 = Debug|Any CPU
		{572D7923-AB76-4537-A202-3B3B25D99F1A}.Release|Any CPU.ActiveCfg = Release|Any CPU
		{572D7923-AB76-4537-A202-3B3B25D99F1A}.Release|Any CPU.Build.0 = Release|Any CPU
		{04E6F60E-596C-4E7C-8998-E091AC69E6CA}.Debug|Any CPU.ActiveCfg = Debug|Any CPU
		{04E6F60E-596C-4E7C-8998-E091AC69E6CA}.Debug|Any CPU.Build.0 = Debug|Any CPU
		{04E6F60E-596C-4E7C-8998-E091AC69E6CA}.Release|Any CPU.ActiveCfg = Release|Any CPU
		{04E6F60E-596C-4E7C-8998-E091AC69E6CA}.Release|Any CPU.Build.0 = Release|Any CPU
		{47A16AB1-8BAB-40DE-B819-E28D9ED24369}.Debug|Any CPU.ActiveCfg = Debug|Any CPU
		{47A16AB1-8BAB-40DE-B819-E28D9ED24369}.Debug|Any CPU.Build.0 = Debug|Any CPU
		{47A16AB1-8BAB-40DE-B819-E28D9ED24369}.Release|Any CPU.ActiveCfg = Release|Any CPU
		{47A16AB1-8BAB-40DE-B819-E28D9ED24369}.Release|Any CPU.Build.0 = Release|Any CPU
		{12AC1CD2-8628-4848-8427-3B6453A58EB8}.Debug|Any CPU.ActiveCfg = Debug|Any CPU
		{12AC1CD2-8628-4848-8427-3B6453A58EB8}.Debug|Any CPU.Build.0 = Debug|Any CPU
		{12AC1CD2-8628-4848-8427-3B6453A58EB8}.Release|Any CPU.ActiveCfg = Release|Any CPU
		{12AC1CD2-8628-4848-8427-3B6453A58EB8}.Release|Any CPU.Build.0 = Release|Any CPU
		{1877D84B-0E72-46FC-8677-B6C75CCF9A2B}.Debug|Any CPU.ActiveCfg = Debug|Any CPU
		{1877D84B-0E72-46FC-8677-B6C75CCF9A2B}.Debug|Any CPU.Build.0 = Debug|Any CPU
		{1877D84B-0E72-46FC-8677-B6C75CCF9A2B}.Release|Any CPU.ActiveCfg = Release|Any CPU
		{1877D84B-0E72-46FC-8677-B6C75CCF9A2B}.Release|Any CPU.Build.0 = Release|Any CPU
		{690650BC-4A7E-4881-BBA1-4C58135B4212}.Debug|Any CPU.ActiveCfg = Debug|Any CPU
		{690650BC-4A7E-4881-BBA1-4C58135B4212}.Debug|Any CPU.Build.0 = Debug|Any CPU
		{690650BC-4A7E-4881-BBA1-4C58135B4212}.Release|Any CPU.ActiveCfg = Release|Any CPU
		{690650BC-4A7E-4881-BBA1-4C58135B4212}.Release|Any CPU.Build.0 = Release|Any CPU
		{3ADE3C1E-FF09-487B-948B-8FC4F3147068}.Debug|Any CPU.ActiveCfg = Debug|Any CPU
		{3ADE3C1E-FF09-487B-948B-8FC4F3147068}.Debug|Any CPU.Build.0 = Debug|Any CPU
		{3ADE3C1E-FF09-487B-948B-8FC4F3147068}.Release|Any CPU.ActiveCfg = Release|Any CPU
		{3ADE3C1E-FF09-487B-948B-8FC4F3147068}.Release|Any CPU.Build.0 = Release|Any CPU
	EndGlobalSection
	GlobalSection(SolutionProperties) = preSolution
		HideSolutionNode = FALSE
	EndGlobalSection
	GlobalSection(ExtensibilityGlobals) = postSolution
		SolutionGuid = {6DA7AA41-DA42-45A0-9E2F-1E533B7EFEDB}
	EndGlobalSection
EndGlobal
